# Generated by pub
# See https://dart.dev/tools/pub/glossary#lockfile
packages:
  animations:
    dependency: "direct main"
    description:
      name: animations
      url: "https://pub.dartlang.org"
    source: hosted
    version: "1.1.2"
  async:
    dependency: transitive
    description:
      name: async
      url: "https://pub.dartlang.org"
    source: hosted
    version: "2.5.0-nullsafety.1"
  audioplayer:
    dependency: "direct main"
    description:
      path: "."
      ref: master
      resolved-ref: "2cd96d5ca6a01a8583f8ecfa7e42cfa7b480d1b0"
      url: "https://github.com/moda20/audioplayer"
    source: git
    version: "0.5.2"
  autocomplete_textfield:
    dependency: "direct main"
    description:
      name: autocomplete_textfield
      url: "https://pub.dartlang.org"
    source: hosted
    version: "1.7.3"
  badges:
    dependency: "direct main"
    description:
      name: badges
      url: "https://pub.dartlang.org"
    source: hosted
    version: "1.1.6"
  boolean_selector:
    dependency: transitive
    description:
      name: boolean_selector
      url: "https://pub.dartlang.org"
    source: hosted
    version: "2.1.0-nullsafety.1"
  characters:
    dependency: transitive
    description:
      name: characters
      url: "https://pub.dartlang.org"
    source: hosted
    version: "1.1.0-nullsafety.3"
  charcode:
    dependency: transitive
    description:
      name: charcode
      url: "https://pub.dartlang.org"
    source: hosted
    version: "1.2.0-nullsafety.1"
  clock:
    dependency: transitive
    description:
      name: clock
      url: "https://pub.dartlang.org"
    source: hosted
    version: "1.1.0-nullsafety.1"
  collection:
    dependency: transitive
    description:
      name: collection
      url: "https://pub.dartlang.org"
    source: hosted
    version: "1.15.0-nullsafety.3"
  connectivity:
    dependency: "direct main"
    description:
      name: connectivity
      url: "https://pub.dartlang.org"
    source: hosted
    version: "0.4.9+5"
  connectivity_for_web:
    dependency: transitive
    description:
      name: connectivity_for_web
      url: "https://pub.dartlang.org"
    source: hosted
    version: "0.3.1+4"
  connectivity_macos:
    dependency: transitive
    description:
      name: connectivity_macos
      url: "https://pub.dartlang.org"
    source: hosted
    version: "0.1.0+7"
  connectivity_platform_interface:
    dependency: transitive
    description:
      name: connectivity_platform_interface
      url: "https://pub.dartlang.org"
    source: hosted
    version: "1.0.6"
  convert:
    dependency: transitive
    description:
      name: convert
      url: "https://pub.dartlang.org"
    source: hosted
    version: "2.1.1"
  crypto:
    dependency: "direct main"
    description:
      name: crypto
      url: "https://pub.dartlang.org"
    source: hosted
    version: "2.1.5"
  dart_ping:
    dependency: "direct main"
    description:
      name: dart_ping
      url: "https://pub.dartlang.org"
    source: hosted
    version: "1.0.0"
  dart_tags:
    dependency: "direct main"
    description:
      name: dart_tags
      url: "https://pub.dartlang.org"
    source: hosted
    version: "0.3.1"
  dio:
    dependency: "direct main"
    description:
      name: dio
      url: "https://pub.dartlang.org"
    source: hosted
    version: "3.0.10"
  dio_flutter_transformer:
    dependency: "direct main"
    description:
      name: dio_flutter_transformer
      url: "https://pub.dartlang.org"
    source: hosted
    version: "3.0.2"
  expandable:
    dependency: "direct main"
    description:
      name: expandable
      url: "https://pub.dartlang.org"
    source: hosted
    version: "4.1.4"
  ext_storage:
    dependency: "direct main"
    description:
      name: ext_storage
      url: "https://pub.dartlang.org"
    source: hosted
    version: "1.0.3"
  extended_tabs:
    dependency: "direct main"
    description:
      name: extended_tabs
      url: "https://pub.dartlang.org"
    source: hosted
    version: "0.2.3"
  fading_edge_scrollview:
    dependency: "direct main"
    description:
      path: "."
      ref: HEAD
      resolved-ref: "0378807e522b7c2829df7e2d0b0b6797e46380ee"
      url: "https://github.com/moda20/fading_edge_scrollview"
    source: git
    version: "1.1.4"
  fake_async:
    dependency: transitive
    description:
      name: fake_async
      url: "https://pub.dartlang.org"
    source: hosted
    version: "1.2.0-nullsafety.1"
  ffi:
    dependency: transitive
    description:
      name: ffi
      url: "https://pub.dartlang.org"
    source: hosted
    version: "0.1.3"
  file:
    dependency: transitive
    description:
      name: file
      url: "https://pub.dartlang.org"
    source: hosted
    version: "5.2.1"
  flushbar:
    dependency: "direct main"
    description:
      name: flushbar
      url: "https://pub.dartlang.org"
    source: hosted
    version: "1.10.4"
  flutter:
    dependency: "direct main"
    description: flutter
    source: sdk
    version: "0.0.0"
  flutter_custom_dialog:
    dependency: "direct main"
    description:
      name: flutter_custom_dialog
      url: "https://pub.dartlang.org"
    source: hosted
    version: "1.0.20"
  flutter_file_meta_data:
    dependency: "direct main"
    description:
      path: "."
      ref: master
      resolved-ref: "422aaca81b8bdb1caf8594df36a9d14d5d21fcc8"
      url: "https://github.com/moda20/flutter_file_meta_data"
    source: git
    version: "0.0.1"
  flutter_inner_drawer:
    dependency: "direct main"
    description:
      name: flutter_inner_drawer
      url: "https://pub.dartlang.org"
    source: hosted
    version: "0.5.7+2"
  flutter_isolate:
    dependency: "direct main"
    description:
      name: flutter_isolate
      url: "https://pub.dartlang.org"
    source: hosted
    version: "1.0.0+14"
  flutter_reorderable_list:
    dependency: "direct main"
    description:
      name: flutter_reorderable_list
      url: "https://pub.dartlang.org"
    source: hosted
    version: "0.1.5"
  flutter_test:
    dependency: "direct dev"
    description: flutter
    source: sdk
    version: "0.0.0"
  flutter_web_plugins:
    dependency: transitive
    description: flutter
    source: sdk
    version: "0.0.0"
  get_it:
    dependency: "direct main"
    description:
      name: get_it
      url: "https://pub.dartlang.org"
    source: hosted
    version: "1.1.0"
  http_parser:
    dependency: transitive
    description:
      name: http_parser
      url: "https://pub.dartlang.org"
    source: hosted
    version: "3.1.4"
  intl:
    dependency: transitive
    description:
      name: intl
      url: "https://pub.dartlang.org"
    source: hosted
    version: "0.16.1"
  lists:
    dependency: transitive
    description:
      name: lists
      url: "https://pub.dartlang.org"
    source: hosted
    version: "0.1.6"
  marquee:
    dependency: "direct main"
    description:
      name: marquee
      url: "https://pub.dartlang.org"
    source: hosted
    version: "1.4.0"
  matcher:
    dependency: transitive
    description:
      name: matcher
      url: "https://pub.dartlang.org"
    source: hosted
    version: "0.12.10-nullsafety.1"
  media_gallery:
    dependency: "direct main"
    description:
      name: media_gallery
      url: "https://pub.dartlang.org"
    source: hosted
    version: "0.1.5"
  media_notification:
    dependency: "direct main"
    description:
      path: "."
      ref: master
      resolved-ref: "92d3f168669ff5ce39464e1e475a2ff4cfef98d7"
      url: "https://github.com/moda20/flutter_media_notification"
    source: git
    version: "0.0.5"
  meta:
    dependency: transitive
    description:
      name: meta
      url: "https://pub.dartlang.org"
    source: hosted
    version: "1.3.0-nullsafety.3"
  morpheus:
    dependency: "direct main"
    description:
      name: morpheus
      url: "https://pub.dartlang.org"
    source: hosted
    version: "1.2.2+1"
  page_transition:
    dependency: "direct main"
    description:
      name: page_transition
      url: "https://pub.dartlang.org"
    source: hosted
    version: "1.1.7+5"
  path:
    dependency: transitive
    description:
      name: path
      url: "https://pub.dartlang.org"
    source: hosted
    version: "1.8.0-nullsafety.1"
  path_provider:
    dependency: "direct main"
    description:
      name: path_provider
      url: "https://pub.dartlang.org"
    source: hosted
    version: "1.6.24"
  path_provider_linux:
    dependency: transitive
    description:
      name: path_provider_linux
      url: "https://pub.dartlang.org"
    source: hosted
    version: "0.0.1+2"
  path_provider_macos:
    dependency: transitive
    description:
      name: path_provider_macos
      url: "https://pub.dartlang.org"
    source: hosted
    version: "0.0.4+6"
  path_provider_platform_interface:
    dependency: transitive
    description:
      name: path_provider_platform_interface
      url: "https://pub.dartlang.org"
    source: hosted
    version: "1.0.4"
  path_provider_windows:
    dependency: transitive
    description:
      name: path_provider_windows
      url: "https://pub.dartlang.org"
    source: hosted
    version: "0.0.4+3"
  permission_handler:
    dependency: "direct main"
    description:
      name: permission_handler
      url: "https://pub.dartlang.org"
    source: hosted
    version: "5.0.1+1"
  permission_handler_platform_interface:
    dependency: transitive
    description:
      name: permission_handler_platform_interface
      url: "https://pub.dartlang.org"
    source: hosted
    version: "2.0.1"
  petitparser:
    dependency: transitive
    description:
      name: petitparser
      url: "https://pub.dartlang.org"
    source: hosted
    version: "3.1.0"
  platform:
    dependency: transitive
    description:
      name: platform
      url: "https://pub.dartlang.org"
    source: hosted
    version: "2.2.1"
  plugin_platform_interface:
    dependency: transitive
    description:
      name: plugin_platform_interface
      url: "https://pub.dartlang.org"
    source: hosted
    version: "1.0.3"
  popup_menu:
    dependency: "direct main"
    description:
      name: popup_menu
      url: "https://pub.dartlang.org"
    source: hosted
    version: "1.0.5"
  process:
    dependency: transitive
    description:
      name: process
      url: "https://pub.dartlang.org"
    source: hosted
    version: "3.0.13"
  rxdart:
    dependency: "direct main"
    description:
      name: rxdart
      url: "https://pub.dartlang.org"
    source: hosted
    version: "0.23.1"
  settings_ui:
    dependency: "direct main"
    description:
      path: "."
      ref: HEAD
      resolved-ref: "04b956f285072d37ab46189d73569d82ef5f6d37"
      url: "https://github.com/moda20/flutter-settings-ui.git"
    source: git
    version: "0.2.0"
  shared_preferences:
    dependency: "direct main"
    description:
      name: shared_preferences
      url: "https://pub.dartlang.org"
    source: hosted
    version: "0.5.12+4"
  shared_preferences_linux:
    dependency: transitive
    description:
      name: shared_preferences_linux
      url: "https://pub.dartlang.org"
    source: hosted
    version: "0.0.2+4"
  shared_preferences_macos:
    dependency: transitive
    description:
      name: shared_preferences_macos
      url: "https://pub.dartlang.org"
    source: hosted
    version: "0.0.1+11"
  shared_preferences_platform_interface:
    dependency: transitive
    description:
      name: shared_preferences_platform_interface
      url: "https://pub.dartlang.org"
    source: hosted
    version: "1.0.4"
  shared_preferences_web:
    dependency: transitive
    description:
      name: shared_preferences_web
      url: "https://pub.dartlang.org"
    source: hosted
    version: "0.1.2+7"
  shared_preferences_windows:
    dependency: transitive
    description:
      name: shared_preferences_windows
      url: "https://pub.dartlang.org"
    source: hosted
    version: "0.0.1+3"
  simple_permissions:
    dependency: "direct main"
    description:
      path: "."
      ref: HEAD
      resolved-ref: "5ce9cbf70121292d57659ac04146bd2f4b250490"
      url: "https://github.com/tq-systems/simple_permissions.git"
    source: git
    version: "1.0.0"
  sky_engine:
    dependency: transitive
    description: flutter
    source: sdk
    version: "0.0.99"
  sliding_up_panel:
    dependency: "direct main"
    description:
      name: sliding_up_panel
      url: "https://pub.dartlang.org"
    source: hosted
    version: "0.3.6"
  source_span:
    dependency: transitive
    description:
      name: source_span
      url: "https://pub.dartlang.org"
    source: hosted
    version: "1.8.0-nullsafety.2"
  stack_trace:
    dependency: transitive
    description:
      name: stack_trace
      url: "https://pub.dartlang.org"
    source: hosted
    version: "1.10.0-nullsafety.1"
  stream_channel:
    dependency: transitive
    description:
      name: stream_channel
      url: "https://pub.dartlang.org"
    source: hosted
    version: "2.1.0-nullsafety.1"
  string_scanner:
    dependency: transitive
    description:
      name: string_scanner
      url: "https://pub.dartlang.org"
    source: hosted
    version: "1.1.0-nullsafety.1"
  string_similarity:
    dependency: "direct main"
    description:
      name: string_similarity
      url: "https://pub.dartlang.org"
    source: hosted
    version: "1.1.0"
  strings:
    dependency: transitive
    description:
      name: strings
      url: "https://pub.dartlang.org"
    source: hosted
    version: "0.1.4"
  term_glyph:
    dependency: transitive
    description:
      name: term_glyph
      url: "https://pub.dartlang.org"
    source: hosted
    version: "1.2.0-nullsafety.1"
  test_api:
    dependency: transitive
    description:
      name: test_api
      url: "https://pub.dartlang.org"
    source: hosted
    version: "0.2.19-nullsafety.2"
  toast:
    dependency: "direct main"
    description:
      path: "."
      ref: master
      resolved-ref: "970da6f909770247ed95206d9d3e860741910a96"
      url: "https://github.com/moda20/FlutterToast"
    source: git
    version: "0.1.4"
  tunein_image_utils_plugin:
    dependency: "direct main"
    description:
      path: "."
      ref: HEAD
      resolved-ref: "84885181460c5e0d3c9ccd74640b6b6ec9b237df"
      url: "https://github.com/moda20/tunein_image_utils_plugin"
    source: git
    version: "0.0.1"
  typed_data:
    dependency: transitive
    description:
      name: typed_data
      url: "https://pub.dartlang.org"
    source: hosted
    version: "1.3.0-nullsafety.3"
  unicode:
    dependency: transitive
    description:
      name: unicode
      url: "https://pub.dartlang.org"
    source: hosted
    version: "0.2.4"
  upnp:
    dependency: "direct main"
    description:
      path: "."
      ref: master
      resolved-ref: dead104c5c818201be2dcf7e0e07c09ee42cbe0f
      url: "https://github.com/moda20/upnp.dart"
    source: git
    version: "2.0.0+2"
  url_launcher:
    dependency: "direct main"
    description:
      name: url_launcher
      url: "https://pub.dartlang.org"
    source: hosted
    version: "5.7.10"
  url_launcher_linux:
    dependency: transitive
    description:
      name: url_launcher_linux
      url: "https://pub.dartlang.org"
    source: hosted
    version: "0.0.1+4"
  url_launcher_macos:
    dependency: transitive
    description:
      name: url_launcher_macos
      url: "https://pub.dartlang.org"
    source: hosted
    version: "0.0.1+9"
  url_launcher_platform_interface:
    dependency: transitive
    description:
      name: url_launcher_platform_interface
      url: "https://pub.dartlang.org"
    source: hosted
    version: "1.0.9"
  url_launcher_web:
    dependency: transitive
    description:
      name: url_launcher_web
      url: "https://pub.dartlang.org"
    source: hosted
    version: "0.1.5+1"
  url_launcher_windows:
    dependency: transitive
    description:
      name: url_launcher_windows
      url: "https://pub.dartlang.org"
    source: hosted
    version: "0.0.1+3"
  utf:
    dependency: transitive
    description:
      name: utf
      url: "https://pub.dartlang.org"
    source: hosted
    version: "0.9.0+5"
  uuid:
    dependency: "direct main"
    description:
      name: uuid
      url: "https://pub.dartlang.org"
    source: hosted
    version: "2.2.2"
  vector_math:
    dependency: transitive
    description:
      name: vector_math
      url: "https://pub.dartlang.org"
    source: hosted
    version: "2.1.0-nullsafety.3"
  win32:
    dependency: transitive
    description:
      name: win32
      url: "https://pub.dartlang.org"
    source: hosted
    version: "1.7.4"
  xdg_directories:
    dependency: transitive
    description:
      name: xdg_directories
      url: "https://pub.dartlang.org"
    source: hosted
    version: "0.1.2"
  xml:
    dependency: transitive
    description:
      name: xml
      url: "https://pub.dartlang.org"
    source: hosted
    version: "3.7.0"
sdks:
  dart: ">=2.10.0-110 <2.11.0"
  flutter: ">=1.22.0 <2.0.0"
